
Microsoft Visual Studio Solution File, Format Version 12.00
# Visual Studio Version 17
VisualStudioVersion = 17.0.31903.59
MinimumVisualStudioVersion = 10.0.40219.1
Project("{FAE04EC0-301F-11D3-BF4B-00C04F79EFBC}") = "ProductManagement.API", "ProductManagement.API\ProductManagement.API.csproj", "{F68E465D-4BF5-43D2-B192-75FCF6B92FE3}"
EndProject
Global
	GlobalSection(SolutionConfigurationPlatforms) = preSolution
		Debug|Any CPU = Debug|Any CPU
		Release|Any CPU = Release|Any CPU
	EndGlobalSection
	GlobalSection(SolutionProperties) = preSolution
		HideSolutionNode = FALSE
	EndGlobalSection
	GlobalSection(ProjectConfigurationPlatforms) = postSolution
		{F68E465D-4BF5-43D2-B192-75FCF6B92FE3}.Debug|Any CPU.ActiveCfg = Debug|Any CPU
		{F68E465D-4BF5-43D2-B192-75FCF6B92FE3}.Debug|Any CPU.Build.0 = Debug|Any CPU
		{F68E465D-4BF5-43D2-B192-75FCF6B92FE3}.Release|Any CPU.ActiveCfg = Release|Any CPU
		{F68E465D-4BF5-43D2-B192-75FCF6B92FE3}.Release|Any CPU.Build.0 = Release|Any CPU
	EndGlobalSection
EndGlobal
